
Microsoft Visual Studio Solution File, Format Version 12.00
# Visual Studio Version 17
VisualStudioVersion = 17.6.33815.320
MinimumVisualStudioVersion = 10.0.40219.1
Project("{9A19103F-16F7-4668-BE54-9A1E7A4F7556}") = "KullaniciAdiSifreİleNotEkleme", "KullaniciAdiSifreİleNotEkleme\KullaniciAdiSifreİleNotEkleme.csproj", "{E641B069-8E4F-4F0B-B6BF-A1FCC04CB6BC}"
EndProject
Global
	GlobalSection(SolutionConfigurationPlatforms) = preSolution
		Debug|Any CPU = Debug|Any CPU
		Release|Any CPU = Release|Any CPU
	EndGlobalSection
	GlobalSection(ProjectConfigurationPlatforms) = postSolution
		{E641B069-8E4F-4F0B-B6BF-A1FCC04CB6BC}.Debug|Any CPU.ActiveCfg = Debug|Any CPU
		{E641B069-8E4F-4F0B-B6BF-A1FCC04CB6BC}.Debug|Any CPU.Build.0 = Debug|Any CPU
		{E641B069-8E4F-4F0B-B6BF-A1FCC04CB6BC}.Release|Any CPU.ActiveCfg = Release|Any CPU
		{E641B069-8E4F-4F0B-B6BF-A1FCC04CB6BC}.Release|Any CPU.Build.0 = Release|Any CPU
	EndGlobalSection
	GlobalSection(SolutionProperties) = preSolution
		HideSolutionNode = FALSE
	EndGlobalSection
	GlobalSection(ExtensibilityGlobals) = postSolution
		SolutionGuid = {D169AE0F-322D-4C1C-AEEA-73B92AFBBFF1}
	EndGlobalSection
EndGlobal
